
Microsoft Visual Studio Solution File, Format Version 12.00
# Visual Studio Version 17
VisualStudioVersion = 17.1.32421.90
MinimumVisualStudioVersion = 10.0.40219.1
Project("{8BC9CEB8-8B4A-11D0-8D11-00A0C91BC942}") = "AlgGrafurilor3", "AlgGrafurilor3\AlgGrafurilor3.vcxproj", "{19AF7085-4317-4810-AA00-469444C8861F}"
EndProject
Global
	GlobalSection(SolutionConfigurationPlatforms) = preSolution
		Debug|x64 = Debug|x64
		Debug|x86 = Debug|x86
		Release|x64 = Release|x64
		Release|x86 = Release|x86
	EndGlobalSection
	GlobalSection(ProjectConfigurationPlatforms) = postSolution
		{19AF7085-4317-4810-AA00-469444C8861F}.Debug|x64.ActiveCfg = Debug|x64
		{19AF7085-4317-4810-AA00-469444C8861F}.Debug|x64.Build.0 = Debug|x64
		{19AF7085-4317-4810-AA00-469444C8861F}.Debug|x86.ActiveCfg = Debug|Win32
		{19AF7085-4317-4810-AA00-469444C8861F}.Debug|x86.Build.0 = Debug|Win32
		{19AF7085-4317-4810-AA00-469444C8861F}.Release|x64.ActiveCfg = Release|x64
		{19AF7085-4317-4810-AA00-469444C8861F}.Release|x64.Build.0 = Release|x64
		{19AF7085-4317-4810-AA00-469444C8861F}.Release|x86.ActiveCfg = Release|Win32
		{19AF7085-4317-4810-AA00-469444C8861F}.Release|x86.Build.0 = Release|Win32
	EndGlobalSection
	GlobalSection(SolutionProperties) = preSolution
		HideSolutionNode = FALSE
	EndGlobalSection
	GlobalSection(ExtensibilityGlobals) = postSolution
		SolutionGuid = {A356B9B9-5C0A-4CFC-8FF0-C8A4A06DA4AD}
	EndGlobalSection
EndGlobal
